
Microsoft Visual Studio Solution File, Format Version 12.00
# Visual Studio Version 17
VisualStudioVersion = 17.6.33829.357
MinimumVisualStudioVersion = 10.0.40219.1
Project("{FAE04EC0-301F-11D3-BF4B-00C04F79EFBC}") = "YSKUdemy.BankApp", "YSKUdemy.BankApp\YSKUdemy.BankApp.csproj", "{4F801CED-D95B-46D6-A145-CC75F9F74C0F}"
EndProject
Global
	GlobalSection(SolutionConfigurationPlatforms) = preSolution
		Debug|Any CPU = Debug|Any CPU
		Release|Any CPU = Release|Any CPU
	EndGlobalSection
	GlobalSection(ProjectConfigurationPlatforms) = postSolution
		{4F801CED-D95B-46D6-A145-CC75F9F74C0F}.Debug|Any CPU.ActiveCfg = Debug|Any CPU
		{4F801CED-D95B-46D6-A145-CC75F9F74C0F}.Debug|Any CPU.Build.0 = Debug|Any CPU
		{4F801CED-D95B-46D6-A145-CC75F9F74C0F}.Release|Any CPU.ActiveCfg = Release|Any CPU
		{4F801CED-D95B-46D6-A145-CC75F9F74C0F}.Release|Any CPU.Build.0 = Release|Any CPU
	EndGlobalSection
	GlobalSection(SolutionProperties) = preSolution
		HideSolutionNode = FALSE
	EndGlobalSection
	GlobalSection(ExtensibilityGlobals) = postSolution
		SolutionGuid = {68CCAC1A-9627-4034-83CD-7BA956603D4C}
	EndGlobalSection
EndGlobal
